
Microsoft Visual Studio Solution File, Format Version 12.00
# Visual Studio Version 17
VisualStudioVersion = 17.5.33530.505
MinimumVisualStudioVersion = 10.0.40219.1
Project("{FAE04EC0-301F-11D3-BF4B-00C04F79EFBC}") = "WebApp", "WebApp.csproj", "{BC101DDF-9772-4371-808D-2A7990BA75ED}"
EndProject
Global
	GlobalSection(SolutionConfigurationPlatforms) = preSolution
		Debug|Any CPU = Debug|Any CPU
		Release|Any CPU = Release|Any CPU
	EndGlobalSection
	GlobalSection(ProjectConfigurationPlatforms) = postSolution
		{BC101DDF-9772-4371-808D-2A7990BA75ED}.Debug|Any CPU.ActiveCfg = Debug|Any CPU
		{BC101DDF-9772-4371-808D-2A7990BA75ED}.Debug|Any CPU.Build.0 = Debug|Any CPU
		{BC101DDF-9772-4371-808D-2A7990BA75ED}.Release|Any CPU.ActiveCfg = Release|Any CPU
		{BC101DDF-9772-4371-808D-2A7990BA75ED}.Release|Any CPU.Build.0 = Release|Any CPU
	EndGlobalSection
	GlobalSection(SolutionProperties) = preSolution
		HideSolutionNode = FALSE
	EndGlobalSection
	GlobalSection(ExtensibilityGlobals) = postSolution
		SolutionGuid = {50A75653-6996-4FA8-9E7B-75C445EF3775}
	EndGlobalSection
EndGlobal
